
Microsoft Visual Studio Solution File, Format Version 12.00
# Visual Studio Version 16
VisualStudioVersion = 16.0.29020.237
MinimumVisualStudioVersion = 10.0.40219.1
Project("{9A19103F-16F7-4668-BE54-9A1E7A4F7556}") = "Meowv.Blog.Domain", "src\Meowv.Blog.Domain\Meowv.Blog.Domain.csproj", "{554AD327-6DBA-4F8F-96F8-81CE7A0C863F}"
EndProject
Project("{9A19103F-16F7-4668-BE54-9A1E7A4F7556}") = "Meowv.Blog.Application", "src\Meowv.Blog.Application\Meowv.Blog.Application.csproj", "{1A94A50E-06DC-43C1-80B5-B662820EC3EB}"
EndProject
Project("{9A19103F-16F7-4668-BE54-9A1E7A4F7556}") = "Meowv.Blog.EntityFrameworkCore", "src\Meowv.Blog.EntityFrameworkCore\Meowv.Blog.EntityFrameworkCore.csproj", "{C956DD76-69C8-4A9C-83EA-D17DF83340FD}"
EndProject
Project("{9A19103F-16F7-4668-BE54-9A1E7A4F7556}") = "Meowv.Blog.HttpApi.Hosting", "src\Meowv.Blog.HttpApi.Hosting\Meowv.Blog.HttpApi.Hosting.csproj", "{068855E8-9240-4F1A-910B-CF825794513B}"
EndProject
Project("{2150E333-8FDC-42A3-9474-1A3956D46DE8}") = "src", "src", "{CA9AC87F-097E-4F15-8393-4BC07735A5B0}"
EndProject
Project("{9A19103F-16F7-4668-BE54-9A1E7A4F7556}") = "Meowv.Blog.EntityFrameworkCore.DbMigrations", "src\Meowv.Blog.EntityFrameworkCore.DbMigrations\Meowv.Blog.EntityFrameworkCore.DbMigrations.csproj", "{0372FA84-C517-4EB3-9A9F-B9ACAC0CA5E0}"
EndProject
Project("{9A19103F-16F7-4668-BE54-9A1E7A4F7556}") = "Meowv.Blog.HttpApi", "src\Meowv.Blog.HttpApi\Meowv.Blog.HttpApi.csproj", "{4164BDF7-F527-4E85-9CE6-E3C2D7426A27}"
EndProject
Project("{9A19103F-16F7-4668-BE54-9A1E7A4F7556}") = "Meowv.Blog.BackgroundJobs", "src\Meowv.Blog.BackgroundJobs\Meowv.Blog.BackgroundJobs.csproj", "{5C07F535-A82A-4DCE-A811-88F41BEBFA66}"
EndProject
Project("{9A19103F-16F7-4668-BE54-9A1E7A4F7556}") = "Meowv.Blog.Swagger", "src\Meowv.Blog.Swagger\Meowv.Blog.Swagger.csproj", "{AF323B78-470E-42AD-AAAB-980E4B4D004D}"
EndProject
Project("{9A19103F-16F7-4668-BE54-9A1E7A4F7556}") = "Meowv.Blog.ToolKits", "src\Meowv.Blog.ToolKits\Meowv.Blog.ToolKits.csproj", "{26D4981F-BC9D-4744-8B29-B1E3102348E6}"
EndProject
Project("{2150E333-8FDC-42A3-9474-1A3956D46DE8}") = "solution-items", "solution-items", "{02EEADC2-3352-4759-A317-58A7747D73FD}"
	ProjectSection(SolutionItems) = preProject
		.gitattributes = .gitattributes
		.gitignore = .gitignore
		common.props = common.props
		license = license
		README.md = README.md
	EndProjectSection
EndProject
Project("{9A19103F-16F7-4668-BE54-9A1E7A4F7556}") = "Meowv.Blog.Domain.Shared", "src\Meowv.Blog.Domain.Shared\Meowv.Blog.Domain.Shared.csproj", "{231FABC6-8698-4FE8-96A5-71A477EC8E22}"
EndProject
Project("{9A19103F-16F7-4668-BE54-9A1E7A4F7556}") = "Meowv.Blog.Application.Contracts", "src\Meowv.Blog.Application.Contracts\Meowv.Blog.Application.Contracts.csproj", "{AA3EC2FE-76D2-477C-9380-A7B21A4A6471}"
EndProject
Project("{9A19103F-16F7-4668-BE54-9A1E7A4F7556}") = "Meowv.Blog.Application.Caching", "src\Meowv.Blog.Application.Caching\Meowv.Blog.Application.Caching.csproj", "{F2626ABB-2CDF-4615-B9B8-B48FF5D4DF70}"
EndProject
Global
	GlobalSection(SolutionConfigurationPlatforms) = preSolution
		Debug|Any CPU = Debug|Any CPU
		Release|Any CPU = Release|Any CPU
	EndGlobalSection
	GlobalSection(ProjectConfigurationPlatforms) = postSolution
		{554AD327-6DBA-4F8F-96F8-81CE7A0C863F}.Debug|Any CPU.ActiveCfg = Debug|Any CPU
		{554AD327-6DBA-4F8F-96F8-81CE7A0C863F}.Debug|Any CPU.Build.0 = Debug|Any CPU
		{554AD327-6DBA-4F8F-96F8-81CE7A0C863F}.Release|Any CPU.ActiveCfg = Release|Any CPU
		{554AD327-6DBA-4F8F-96F8-81CE7A0C863F}.Release|Any CPU.Build.0 = Release|Any CPU
		{1A94A50E-06DC-43C1-80B5-B662820EC3EB}.Debug|Any CPU.ActiveCfg = Debug|Any CPU
		{1A94A50E-06DC-43C1-80B5-B662820EC3EB}.Debug|Any CPU.Build.0 = Debug|Any CPU
		{1A94A50E-06DC-43C1-80B5-B662820EC3EB}.Release|Any CPU.ActiveCfg = Release|Any CPU
		{1A94A50E-06DC-43C1-80B5-B662820EC3EB}.Release|Any CPU.Build.0 = Release|Any CPU
		{C956DD76-69C8-4A9C-83EA-D17DF83340FD}.Debug|Any CPU.ActiveCfg = Debug|Any CPU
		{C956DD76-69C8-4A9C-83EA-D17DF83340FD}.Debug|Any CPU.Build.0 = Debug|Any CPU
		{C956DD76-69C8-4A9C-83EA-D17DF83340FD}.Release|Any CPU.ActiveCfg = Release|Any CPU
		{C956DD76-69C8-4A9C-83EA-D17DF83340FD}.Release|Any CPU.Build.0 = Release|Any CPU
		{068855E8-9240-4F1A-910B-CF825794513B}.Debug|Any CPU.ActiveCfg = Debug|Any CPU
		{068855E8-9240-4F1A-910B-CF825794513B}.Debug|Any CPU.Build.0 = Debug|Any CPU
		{068855E8-9240-4F1A-910B-CF825794513B}.Release|Any CPU.ActiveCfg = Release|Any CPU
		{068855E8-9240-4F1A-910B-CF825794513B}.Release|Any CPU.Build.0 = Release|Any CPU
		{0372FA84-C517-4EB3-9A9F-B9ACAC0CA5E0}.Debug|Any CPU.ActiveCfg = Debug|Any CPU
		{0372FA84-C517-4EB3-9A9F-B9ACAC0CA5E0}.Debug|Any CPU.Build.0 = Debug|Any CPU
		{0372FA84-C517-4EB3-9A9F-B9ACAC0CA5E0}.Release|Any CPU.ActiveCfg = Release|Any CPU
		{0372FA84-C517-4EB3-9A9F-B9ACAC0CA5E0}.Release|Any CPU.Build.0 = Release|Any CPU
		{4164BDF7-F527-4E85-9CE6-E3C2D7426A27}.Debug|Any CPU.ActiveCfg = Debug|Any CPU
		{4164BDF7-F527-4E85-9CE6-E3C2D7426A27}.Debug|Any CPU.Build.0 = Debug|Any CPU
		{4164BDF7-F527-4E85-9CE6-E3C2D7426A27}.Release|Any CPU.ActiveCfg = Release|Any CPU
		{4164BDF7-F527-4E85-9CE6-E3C2D7426A27}.Release|Any CPU.Build.0 = Release|Any CPU
		{5C07F535-A82A-4DCE-A811-88F41BEBFA66}.Debug|Any CPU.ActiveCfg = Debug|Any CPU
		{5C07F535-A82A-4DCE-A811-88F41BEBFA66}.Debug|Any CPU.Build.0 = Debug|Any CPU
		{5C07F535-A82A-4DCE-A811-88F41BEBFA66}.Release|Any CPU.ActiveCfg = Release|Any CPU
		{5C07F535-A82A-4DCE-A811-88F41BEBFA66}.Release|Any CPU.Build.0 = Release|Any CPU
		{AF323B78-470E-42AD-AAAB-980E4B4D004D}.Debug|Any CPU.ActiveCfg = Debug|Any CPU
		{AF323B78-470E-42AD-AAAB-980E4B4D004D}.Debug|Any CPU.Build.0 = Debug|Any CPU
		{AF323B78-470E-42AD-AAAB-980E4B4D004D}.Release|Any CPU.ActiveCfg = Release|Any CPU
		{AF323B78-470E-42AD-AAAB-980E4B4D004D}.Release|Any CPU.Build.0 = Release|Any CPU
		{26D4981F-BC9D-4744-8B29-B1E3102348E6}.Debug|Any CPU.ActiveCfg = Debug|Any CPU
		{26D4981F-BC9D-4744-8B29-B1E3102348E6}.Debug|Any CPU.Build.0 = Debug|Any CPU
		{26D4981F-BC9D-4744-8B29-B1E3102348E6}.Release|Any CPU.ActiveCfg = Release|Any CPU
		{26D4981F-BC9D-4744-8B29-B1E3102348E6}.Release|Any CPU.Build.0 = Release|Any CPU
		{231FABC6-8698-4FE8-96A5-71A477EC8E22}.Debug|Any CPU.ActiveCfg = Debug|Any CPU
		{231FABC6-8698-4FE8-96A5-71A477EC8E22}.Debug|Any CPU.Build.0 = Debug|Any CPU
		{231FABC6-8698-4FE8-96A5-71A477EC8E22}.Release|Any CPU.ActiveCfg = Release|Any CPU
		{231FABC6-8698-4FE8-96A5-71A477EC8E22}.Release|Any CPU.Build.0 = Release|Any CPU
		{AA3EC2FE-76D2-477C-9380-A7B21A4A6471}.Debug|Any CPU.ActiveCfg = Debug|Any CPU
		{AA3EC2FE-76D2-477C-9380-A7B21A4A6471}.Debug|Any CPU.Build.0 = Debug|Any CPU
		{AA3EC2FE-76D2-477C-9380-A7B21A4A6471}.Release|Any CPU.ActiveCfg = Release|Any CPU
		{AA3EC2FE-76D2-477C-9380-A7B21A4A6471}.Release|Any CPU.Build.0 = Release|Any CPU
		{F2626ABB-2CDF-4615-B9B8-B48FF5D4DF70}.Debug|Any CPU.ActiveCfg = Debug|Any CPU
		{F2626ABB-2CDF-4615-B9B8-B48FF5D4DF70}.Debug|Any CPU.Build.0 = Debug|Any CPU
		{F2626ABB-2CDF-4615-B9B8-B48FF5D4DF70}.Release|Any CPU.ActiveCfg = Release|Any CPU
		{F2626ABB-2CDF-4615-B9B8-B48FF5D4DF70}.Release|Any CPU.Build.0 = Release|Any CPU
	EndGlobalSection
	GlobalSection(SolutionProperties) = preSolution
		HideSolutionNode = FALSE
	EndGlobalSection
	GlobalSection(NestedProjects) = preSolution
		{554AD327-6DBA-4F8F-96F8-81CE7A0C863F} = {CA9AC87F-097E-4F15-8393-4BC07735A5B0}
		{1A94A50E-06DC-43C1-80B5-B662820EC3EB} = {CA9AC87F-097E-4F15-8393-4BC07735A5B0}
		{C956DD76-69C8-4A9C-83EA-D17DF83340FD} = {CA9AC87F-097E-4F15-8393-4BC07735A5B0}
		{068855E8-9240-4F1A-910B-CF825794513B} = {CA9AC87F-097E-4F15-8393-4BC07735A5B0}
		{0372FA84-C517-4EB3-9A9F-B9ACAC0CA5E0} = {CA9AC87F-097E-4F15-8393-4BC07735A5B0}
		{4164BDF7-F527-4E85-9CE6-E3C2D7426A27} = {CA9AC87F-097E-4F15-8393-4BC07735A5B0}
		{5C07F535-A82A-4DCE-A811-88F41BEBFA66} = {CA9AC87F-097E-4F15-8393-4BC07735A5B0}
		{AF323B78-470E-42AD-AAAB-980E4B4D004D} = {CA9AC87F-097E-4F15-8393-4BC07735A5B0}
		{26D4981F-BC9D-4744-8B29-B1E3102348E6} = {CA9AC87F-097E-4F15-8393-4BC07735A5B0}
		{231FABC6-8698-4FE8-96A5-71A477EC8E22} = {CA9AC87F-097E-4F15-8393-4BC07735A5B0}
		{AA3EC2FE-76D2-477C-9380-A7B21A4A6471} = {CA9AC87F-097E-4F15-8393-4BC07735A5B0}
		{F2626ABB-2CDF-4615-B9B8-B48FF5D4DF70} = {CA9AC87F-097E-4F15-8393-4BC07735A5B0}
	EndGlobalSection
	GlobalSection(ExtensibilityGlobals) = postSolution
		SolutionGuid = {28315BFD-90E7-4E14-A2EA-F3D23AF4126F}
	EndGlobalSection
EndGlobal
